
Microsoft Visual Studio Solution File, Format Version 12.00
# Visual Studio 15
VisualStudioVersion = 15.0.27130.2036
MinimumVisualStudioVersion = 10.0.40219.1
Project("{FAE04EC0-301F-11D3-BF4B-00C04F79EFBC}") = "Capitale", "Capitale\Capitale.csproj", "{4367F7D4-7732-4A18-8741-30CE56BE5818}"
EndProject
Global
	GlobalSection(SolutionConfigurationPlatforms) = preSolution
		Debug|Any CPU = Debug|Any CPU
		Release|Any CPU = Release|Any CPU
	EndGlobalSection
	GlobalSection(ProjectConfigurationPlatforms) = postSolution
		{4367F7D4-7732-4A18-8741-30CE56BE5818}.Debug|Any CPU.ActiveCfg = Debug|Any CPU
		{4367F7D4-7732-4A18-8741-30CE56BE5818}.Debug|Any CPU.Build.0 = Debug|Any CPU
		{4367F7D4-7732-4A18-8741-30CE56BE5818}.Release|Any CPU.ActiveCfg = Release|Any CPU
		{4367F7D4-7732-4A18-8741-30CE56BE5818}.Release|Any CPU.Build.0 = Release|Any CPU
	EndGlobalSection
	GlobalSection(SolutionProperties) = preSolution
		HideSolutionNode = FALSE
	EndGlobalSection
	GlobalSection(ExtensibilityGlobals) = postSolution
		SolutionGuid = {F5867488-2D36-41F9-9836-C72A1D933A2F}
	EndGlobalSection
EndGlobal
